Microsoft Visual Studio Solution File, Format Version 12.00
# Visual Studio Version 17
VisualStudioVersion = 17.5.2.0
MinimumVisualStudioVersion = 10.0.40219.1
Project("{FAE04EC0-301F-11D3-BF4B-00C04F79EFBC}") = "UnityCsproj", "UnityCsproj.csproj", "{578C0557-067D-ACFA-5504-7C911604F95C}"
EndProject
Global
	GlobalSection(SolutionConfigurationPlatforms) = preSolution
		Debug|Any CPU = Debug|Any CPU
		Release|Any CPU = Release|Any CPU
	EndGlobalSection
	GlobalSection(ProjectConfigurationPlatforms) = postSolution
		{578C0557-067D-ACFA-5504-7C911604F95C}.Debug|Any CPU.ActiveCfg = Debug|Any CPU
		{578C0557-067D-ACFA-5504-7C911604F95C}.Debug|Any CPU.Build.0 = Debug|Any CPU
		{578C0557-067D-ACFA-5504-7C911604F95C}.Release|Any CPU.ActiveCfg = Release|Any CPU
		{578C0557-067D-ACFA-5504-7C911604F95C}.Release|Any CPU.Build.0 = Release|Any CPU
	EndGlobalSection
	GlobalSection(SolutionProperties) = preSolution
		HideSolutionNode = FALSE
	EndGlobalSection
	GlobalSection(ExtensibilityGlobals) = postSolution
		SolutionGuid = {5F54A3A2-FDA3-4454-9F52-D705C1CE4BBD}
	EndGlobalSection
EndGlobal
